<?xml version="1.0" encoding="utf-8"?>
<Project ToolsVersion="4.0" xmlns="http://schemas.microsoft.com/developer/msbuild/2003">
  <ItemGroup>
    <Filter Include="include">
      <UniqueIdentifier>{e13f49a1-3b57-446e-b3bf-ff7022f8d11e}</UniqueIdentifier>
    </Filter>
    <Filter Include="src">
      <UniqueIdentifier>{b7a1a5b7-52c1-4dbd-8f87-c9d65702b5ae}</UniqueIdentifier>
    </Filter>
    <Filter Include="include\impl">
      <UniqueIdentifier>{59c36880-4d2d-4c82-85cf-0d2a473e7622}</UniqueIdentifier>
    </Filter>
    <Filter Include="packaging">
      <UniqueIdentifier>{904b18c9-55ab-4f98-ba96-c201a722a1b4}</UniqueIdentifier>
    </Filter>
  </ItemGroup>
  <ItemGroup>
    <ClCompile Include="..\..\..\..\src\authenticator.cpp">
      <Filter>src</Filter>
    </ClCompile>
    <ClCompile Include="..\..\..\..\src\certificate.cpp">
      <Filter>src</Filter>
    </ClCompile>
    <ClCompile Include="..\..\..\..\src\context.cpp">
      <Filter>src</Filter>
    </ClCompile>
    <ClCompile Include="..\..\..\..\src\message.cpp">
      <Filter>src</Filter>
    </ClCompile>
    <ClCompile Include="..\..\..\..\src\poller.cpp">
      <Filter>src</Filter>
    </ClCompile>
    <ClCompile Include="..\..\..\..\src\socket.cpp">
      <Filter>src</Filter>
    </ClCompile>
    <ClCompile Include="..\..\..\..\src\thread.cpp">
      <Filter>src</Filter>
    </ClCompile>
  </ItemGroup>
  <ItemGroup>
    <ClInclude Include="..\..\..\..\include\czmq++\assert.hpp">
      <Filter>include</Filter>
    </ClInclude>
    <ClInclude Include="..\..\..\..\include\czmq++\authenticator.hpp">
      <Filter>include</Filter>
    </ClInclude>
    <ClInclude Include="..\..\..\..\include\czmq++\certificate.hpp">
      <Filter>include</Filter>
    </ClInclude>
    <ClInclude Include="..\..\..\..\include\czmq++\context.hpp">
      <Filter>include</Filter>
    </ClInclude>
    <ClInclude Include="..\..\..\..\include\czmq++\message.hpp">
      <Filter>include</Filter>
    </ClInclude>
    <ClInclude Include="..\..\..\..\include\czmq++\poller.hpp">
      <Filter>include</Filter>
    </ClInclude>
    <ClInclude Include="..\..\..\..\include\czmq++\socket.hpp">
      <Filter>include</Filter>
    </ClInclude>
    <ClInclude Include="..\..\..\..\include\czmq++\socket_opt.hpp">
      <Filter>include</Filter>
    </ClInclude>
    <ClInclude Include="..\..\..\..\include\czmq++\thread.hpp">
      <Filter>include</Filter>
    </ClInclude>
    <ClInclude Include="..\..\..\..\include\czmq++\czmq.hpp">
      <Filter>include</Filter>
    </ClInclude>
  </ItemGroup>
  <ItemGroup>
    <None Include="..\..\..\..\include\czmq++\impl\poller.ipp">
      <Filter>include\impl</Filter>
    </None>
    <None Include="..\..\..\..\packaging\nuget\package.bat">
      <Filter>packaging</Filter>
    </None>
    <None Include="..\..\..\..\packaging\nuget\package.config">
      <Filter>packaging</Filter>
    </None>
    <None Include="..\..\..\..\packaging\nuget\package.gsl">
      <Filter>packaging</Filter>
    </None>
    <None Include="..\..\..\..\packaging\nuget\package.nuspec">
      <Filter>packaging</Filter>
    </None>
    <None Include="..\..\..\..\packaging\nuget\package.targets">
      <Filter>packaging</Filter>
    </None>
  </ItemGroup>
  <ItemGroup>
    <Xml Include="..\..\..\..\packaging\nuget\package.xml">
      <Filter>packaging</Filter>
    </Xml>
  </ItemGroup>
</Project>